
Microsoft Visual Studio Solution File, Format Version 12.00
# Visual Studio Version 17
VisualStudioVersion = 17.7.34003.232
MinimumVisualStudioVersion = 10.0.40219.1
Project("{FAE04EC0-301F-11D3-BF4B-00C04F79EFBC}") = "SensorSimulatorWPF2", "SensorSimulatorWPF2\SensorSimulatorWPF2.csproj", "{336B03A2-0B54-4EE8-ADB4-C2891449B1A9}"
EndProject
Global
	GlobalSection(SolutionConfigurationPlatforms) = preSolution
		Debug|Any CPU = Debug|Any CPU
		Release|Any CPU = Release|Any CPU
	EndGlobalSection
	GlobalSection(ProjectConfigurationPlatforms) = postSolution
		{336B03A2-0B54-4EE8-ADB4-C2891449B1A9}.Debug|Any CPU.ActiveCfg = Debug|Any CPU
		{336B03A2-0B54-4EE8-ADB4-C2891449B1A9}.Debug|Any CPU.Build.0 = Debug|Any CPU
		{336B03A2-0B54-4EE8-ADB4-C2891449B1A9}.Release|Any CPU.ActiveCfg = Release|Any CPU
		{336B03A2-0B54-4EE8-ADB4-C2891449B1A9}.Release|Any CPU.Build.0 = Release|Any CPU
	EndGlobalSection
	GlobalSection(SolutionProperties) = preSolution
		HideSolutionNode = FALSE
	EndGlobalSection
	GlobalSection(ExtensibilityGlobals) = postSolution
		SolutionGuid = {1E4210B4-0FBC-460C-A8B0-2B5324E84FDD}
	EndGlobalSection
EndGlobal
